{
  "name": "signal-integration",
  "version": "0.0.0",
  "lockfileVersion": 1,
  "requires": true,
  "dependencies": {
    "extend": {
      "version": "3.0.1",
      "resolved": "https://registry.npmjs.org/extend/-/extend-3.0.1.tgz",
      "integrity": "sha1-p1Xqe8Gt/MWjHOfnYtuq3F5jZEQ="
    },
    "ml-array-max": {
      "version": "1.0.1",
      "resolved": "https://registry.npmjs.org/ml-array-max/-/ml-array-max-1.0.1.tgz",
      "integrity": "sha512-6wdNU+pLrODrGvqP2Yu2kQTJEayzR4vBzrc1JPwO5+j8cgxLCKA5YLEorbnJm85Dn+bLSkpzNkm9CeIxyNTKvw=="
    },
    "ml-array-min": {
      "version": "1.0.1",
      "resolved": "https://registry.npmjs.org/ml-array-min/-/ml-array-min-1.0.1.tgz",
      "integrity": "sha512-lMUTSRub73HhWhPuuSYQY8K+ECpQO/ckoYdVWNlWqVYCUhmzQe+pzl5YrQqrHWHKuYmCwYu1cEGC8z3+j9XB7w=="
    },
    "ml-array-rescale": {
      "version": "1.1.0",
      "resolved": "https://registry.npmjs.org/ml-array-rescale/-/ml-array-rescale-1.1.0.tgz",
      "integrity": "sha512-pBUZV5klWv/H0tgCnOFCIdny9WTCk9jUP/2JebS1otnh/PcRaH9csv4PLt8K4f2r7P++uPrRja0PJa2GQwehbg==",
      "requires": {
        "ml-array-max": "1.0.1",
        "ml-array-min": "1.0.1"
      }
    },
    "ml-matrix": {
      "version": "5.0.1",
      "resolved": "https://registry.npmjs.org/ml-matrix/-/ml-matrix-5.0.1.tgz",
      "integrity": "sha512-QMPLizHaG+5QIm98twKAizO8P3CNJPfXRj9armaukSK+nOZYIr1kONoZCvfNDBrOaQjz/ld1Cgb0+tcpdLK+hw==",
      "requires": {
        "ml-array-rescale": "1.1.0"
      }
    },
    "ml-pad-array": {
      "version": "1.0.0",
      "resolved": "https://registry.npmjs.org/ml-pad-array/-/ml-pad-array-1.0.0.tgz",
      "integrity": "sha1-WOt3XtMbhaRUmYUyE2LXErWhDOM=",
      "requires": {
        "extend": "3.0.1"
      }
    },
    "ml-savitzky-golay": {
      "version": "3.0.0",
      "resolved": "https://registry.npmjs.org/ml-savitzky-golay/-/ml-savitzky-golay-3.0.0.tgz",
      "integrity": "sha512-7VjL0OMy8e5xp13WALcJOvtvKK8ahf1msZoMd+TLAPZPT3+Uv3ap7b5r6H4DKxZDCsjA2BDqpk7aWzHJMAQBag==",
      "requires": {
        "extend": "3.0.1",
        "ml-matrix": "5.0.1",
        "ml-pad-array": "1.0.0"
      }
    }
  }
}
